
Microsoft Visual Studio Solution File, Format Version 12.00
# Visual Studio Version 17
VisualStudioVersion = 17.1.32414.318
MinimumVisualStudioVersion = 10.0.40219.1
Project("{FAE04EC0-301F-11D3-BF4B-00C04F79EFBC}") = "PricingFactorManagementApi", "PricingFactorManagementApi.csproj", "{DDEDE360-8338-43DE-A328-5642C9FB101C}"
EndProject
Project("{00D1A9C2-B5F0-4AF3-8072-F6C62B433612}") = "PricingDb", "..\PricingDb\PricingDb.sqlproj", "{34182521-CCC8-479C-A6E9-1FE1E85A2B74}"
EndProject
Global
	GlobalSection(SolutionConfigurationPlatforms) = preSolution
		Debug|Any CPU = Debug|Any CPU
		Release|Any CPU = Release|Any CPU
	EndGlobalSection
	GlobalSection(ProjectConfigurationPlatforms) = postSolution
		{DDEDE360-8338-43DE-A328-5642C9FB101C}.Debug|Any CPU.ActiveCfg = Debug|Any CPU
		{DDEDE360-8338-43DE-A328-5642C9FB101C}.Debug|Any CPU.Build.0 = Debug|Any CPU
		{DDEDE360-8338-43DE-A328-5642C9FB101C}.Release|Any CPU.ActiveCfg = Release|Any CPU
		{DDEDE360-8338-43DE-A328-5642C9FB101C}.Release|Any CPU.Build.0 = Release|Any CPU
		{34182521-CCC8-479C-A6E9-1FE1E85A2B74}.Debug|Any CPU.ActiveCfg = Debug|Any CPU
		{34182521-CCC8-479C-A6E9-1FE1E85A2B74}.Debug|Any CPU.Build.0 = Debug|Any CPU
		{34182521-CCC8-479C-A6E9-1FE1E85A2B74}.Debug|Any CPU.Deploy.0 = Debug|Any CPU
		{34182521-CCC8-479C-A6E9-1FE1E85A2B74}.Release|Any CPU.ActiveCfg = Release|Any CPU
		{34182521-CCC8-479C-A6E9-1FE1E85A2B74}.Release|Any CPU.Build.0 = Release|Any CPU
		{34182521-CCC8-479C-A6E9-1FE1E85A2B74}.Release|Any CPU.Deploy.0 = Release|Any CPU
	EndGlobalSection
	GlobalSection(SolutionProperties) = preSolution
		HideSolutionNode = FALSE
	EndGlobalSection
	GlobalSection(ExtensibilityGlobals) = postSolution
		SolutionGuid = {E84367CC-1FD3-44BF-A411-6D349C7FEC10}
	EndGlobalSection
EndGlobal
